
Microsoft Visual Studio Solution File, Format Version 12.00
# Visual Studio Version 16
VisualStudioVersion = 16.0.31005.135
MinimumVisualStudioVersion = 10.0.40219.1
Project("{FAE04EC0-301F-11D3-BF4B-00C04F79EFBC}") = "DashTechCMS", "DashTechCMS\DashTechCMS.csproj", "{45833F2A-BC4B-4C3B-B504-37ACC22BA792}"
EndProject
Project("{FAE04EC0-301F-11D3-BF4B-00C04F79EFBC}") = "DashTechCMS.Tests", "DashTechCMS.Tests\DashTechCMS.Tests.csproj", "{BF152072-0BD6-4018-B193-30EE1ABF53EF}"
EndProject
Global
	GlobalSection(SolutionConfigurationPlatforms) = preSolution
		Debug|Any CPU = Debug|Any CPU
		Release|Any CPU = Release|Any CPU
	EndGlobalSection
	GlobalSection(ProjectConfigurationPlatforms) = postSolution
		{45833F2A-BC4B-4C3B-B504-37ACC22BA792}.Debug|Any CPU.ActiveCfg = Debug|Any CPU
		{45833F2A-BC4B-4C3B-B504-37ACC22BA792}.Debug|Any CPU.Build.0 = Debug|Any CPU
		{45833F2A-BC4B-4C3B-B504-37ACC22BA792}.Release|Any CPU.ActiveCfg = Release|Any CPU
		{45833F2A-BC4B-4C3B-B504-37ACC22BA792}.Release|Any CPU.Build.0 = Release|Any CPU
		{BF152072-0BD6-4018-B193-30EE1ABF53EF}.Debug|Any CPU.ActiveCfg = Debug|Any CPU
		{BF152072-0BD6-4018-B193-30EE1ABF53EF}.Debug|Any CPU.Build.0 = Debug|Any CPU
		{BF152072-0BD6-4018-B193-30EE1ABF53EF}.Release|Any CPU.ActiveCfg = Release|Any CPU
		{BF152072-0BD6-4018-B193-30EE1ABF53EF}.Release|Any CPU.Build.0 = Release|Any CPU
	EndGlobalSection
	GlobalSection(SolutionProperties) = preSolution
		HideSolutionNode = FALSE
	EndGlobalSection
	GlobalSection(ExtensibilityGlobals) = postSolution
		SolutionGuid = {0CAC2295-7A23-4EA2-AD70-17FB4F422F4F}
	EndGlobalSection
EndGlobal
